# This file is automatically @generated by Cargo.
# It is not intended for manual editing.
version = 3

[[package]]
name = "fastrand"
version = "2.1.1"
source = "registry+https://github.com/rust-lang/crates.io-index"
checksum = "e8c02a5121d4ea3eb16a80748c74f5549a5665e4c21333c6098f283870fbdea6"

[[package]]
name = "figlet-rs"
version = "0.1.5"
source = "registry+https://github.com/rust-lang/crates.io-index"
checksum = "4742a071cd9694fc86f9fa1a08fa3e53d40cc899d7ee532295da2d085639fbc5"

[[package]]
name = "ssd-benchmark"
version = "1.1.9"
dependencies = [
 "fastrand",
 "figlet-rs",
]
